// !$*UTF8*$!
{
	archiveVersion = 1;
	classes = {
	};
	objectVersion = 46;
	objects = {

/* Begin PBXBuildFile section */
		CE7EEB4D1574A649001BE95A /* UIKit.framework in Frameworks */ = {isa = PBXBuildFile; fileRef = CE7EEB4C1574A649001BE95A /* UIKit.framework */; };
		CE7EEB4F1574A649001BE95A /* Foundation.framework in Frameworks */ = {isa = PBXBuildFile; fileRef = CE7EEB4E1574A649001BE95A /* Foundation.framework */; };
		CE7EEB511574A649001BE95A /* CoreGraphics.framework in Frameworks */ = {isa = PBXBuildFile; fileRef = CE7EEB501574A649001BE95A /* CoreGraphics.framework */; };
		CE7EEB571574A649001BE95A /* InfoPlist.strings in Resources */ = {isa = PBXBuildFile; fileRef = CE7EEB551574A649001BE95A /* InfoPlist.strings */; };
		CE7EEB591574A649001BE95A /* main.m in Sources */ = {isa = PBXBuildFile; fileRef = CE7EEB581574A649001BE95A /* main.m */; };
		CE7EEB5D1574A649001BE95A /* AppDelegate.m in Sources */ = {isa = PBXBuildFile; fileRef = CE7EEB5C1574A649001BE95A /* AppDelegate.m */; };
		CE7EEB601574A649001BE95A /* ViewController.m in Sources */ = {isa = PBXBuildFile; fileRef = CE7EEB5F1574A649001BE95A /* ViewController.m */; };
		CE7EEB631574A649001BE95A /* ViewController.xib in Resources */ = {isa = PBXBuildFile; fileRef = CE7EEB611574A649001BE95A /* ViewController.xib */; };
/* End PBXBuildFile section */

/* Begin PBXFileReference section */
		CE7EEB481574A649001BE95A /* ImIcon.app */ = {isa = PBXFileReference; explicitFileType = wrapper.application; includeInIndex = 0; path = ImIcon.app; sourceTree = BUILT_PRODUCTS_DIR; };
		CE7EEB4C1574A649001BE95A /* UIKit.framework */ = {isa = PBXFileReference; lastKnownFileType = wrapper.framework; name = UIKit.framework; path = System/Library/Frameworks/UIKit.framework; sourceTree = SDKROOT; };
		CE7EEB4E1574A649001BE95A /* Foundation.framework */ = {isa = PBXFileReference; lastKnownFileType = wrapper.framework; name = Foundation.framework; path = System/Library/Frameworks/Foundation.framework; sourceTree = SDKROOT; };
		CE7EEB501574A649001BE95A /* CoreGraphics.framework */ = {isa = PBXFileReference; lastKnownFileType = wrapper.framework; name = CoreGraphics.framework; path = System/Library/Frameworks/CoreGraphics.framework; sourceTree = SDKROOT; };
		CE7EEB541574A649001BE95A /* ImIcon-Info.plist */ = {isa = PBXFileReference; path = "ImIcon-Info.plist"; sourceTree = "<group>"; };
		CE7EEB561574A649001BE95A /* en */ = {isa = PBXFileReference; lastKnownFileType = text.plist.strings; name = en; path = en.lproj/InfoPlist.strings; sourceTree = "<group>"; };
		CE7EEB581574A649001BE95A /* main.m */ = {isa = PBXFileReference; lastKnownFileType = sourcecode.c.objc; path = main.m; sourceTree = "<group>"; };
		CE7EEB5A1574A649001BE95A /* ImIcon-Prefix.pch */ = {isa = PBXFileReference; path = "ImIcon-Prefix.pch"; sourceTree = "<group>"; };
		CE7EEB5B1574A649001BE95A /* AppDelegate.h */ = {isa = PBXFileReference; path = AppDelegate.h; sourceTree = "<group>"; };
		CE7EEB5C1574A649001BE95A /* AppDelegate.m */ = {isa = PBXFileReference; lastKnownFileType = sourcecode.c.objc; path = AppDelegate.m; sourceTree = "<group>"; };
		CE7EEB5E1574A649001BE95A /* ViewController.h */ = {isa = PBXFileReference; path = ViewController.h; sourceTree = "<group>"; };
		CE7EEB5F1574A649001BE95A /* ViewController.m */ = {isa = PBXFileReference; lastKnownFileType = sourcecode.c.objc; path = ViewController.m; sourceTree = "<group>"; };
		CE7EEB621574A649001BE95A /* en */ = {isa = PBXFileReference; lastKnownFileType = file.xib; name = en; path = en.lproj/ViewController.xib; sourceTree = "<group>"; };
/* End PBXFileReference section */

/* Begin PBXFrameworksBuildPhase section */
		CE7EEB451574A649001BE95A /* Frameworks */ = {
			isa = PBXFrameworksBuildPhase;
			buildActionMask = 2147483647;
			files = (
				CE7EEB4D1574A649001BE95A /* UIKit.framework in Frameworks */,
				CE7EEB4F1574A649001BE95A /* Foundation.framework in Frameworks */,
				CE7EEB511574A649001BE95A /* CoreGraphics.framework in Frameworks */,
			);
			runOnlyForDeploymentPostprocessing = 0;
		};
/* End PBXFrameworksBuildPhase section */

/* Begin PBXGroup section */
		CE7EEB3D1574A648001BE95A = {
			isa = PBXGroup;
			children = (
				CE7EEB521574A649001BE95A /* ImIcon */,
				CE7EEB4B1574A649001BE95A /* Frameworks */,
				CE7EEB491574A649001BE95A /* Products */,
			);
			sourceTree = "<group>";
		};
		CE7EEB491574A649001BE95A /* Products */ = {
			isa = PBXGroup;
			children = (
				CE7EEB481574A649001BE95A /* ImIcon.app */,
			);
			name = Products;
			sourceTree = "<group>";
		};
		CE7EEB4B1574A649001BE95A /* Frameworks */ = {
			isa = PBXGroup;
			children = (
				CE7EEB4C1574A649001BE95A /* UIKit.framework */,
				CE7EEB4E1574A649001BE95A /* Foundation.framework */,
				CE7EEB501574A649001BE95A /* CoreGraphics.framework */,
			);
			name = Frameworks;
			sourceTree = "<group>";
		};
		CE7EEB521574A649001BE95A /* ImIcon */ = {
			isa = PBXGroup;
			children = (
				CE7EEB5B1574A649001BE95A /* AppDelegate.h */,
				CE7EEB5C1574A649001BE95A /* AppDelegate.m */,
				CE7EEB5E1574A649001BE95A /* ViewController.h */,
				CE7EEB5F1574A649001BE95A /* ViewController.m */,
				CE7EEB611574A649001BE95A /* ViewController.xib */,
				CE7EEB531574A649001BE95A /* Supporting Files */,
			);
			path = ImIcon;
			sourceTree = "<group>";
		};
		CE7EEB531574A649001BE95A /* Supporting Files */ = {
			isa = PBXGroup;
			children = (
				CE7EEB541574A649001BE95A /* ImIcon-Info.plist */,
				CE7EEB551574A649001BE95A /* InfoPlist.strings */,
				CE7EEB581574A649001BE95A /* main.m */,
				CE7EEB5A1574A649001BE95A /* ImIcon-Prefix.pch */,
			);
			name = "Supporting Files";
			sourceTree = "<group>";
		};
/* End PBXGroup section */

/* Begin PBXNativeTarget section */
		CE7EEB471574A649001BE95A /* ImIcon */ = {
			isa = PBXNativeTarget;
			buildConfigurationList = CE7EEB661574A649001BE95A /* Build configuration list for PBXNativeTarget "ImIcon" */;
			buildPhases = (
				CE7EEB441574A649001BE95A /* Sources */,
				CE7EEB451574A649001BE95A /* Frameworks */,
				CE7EEB461574A649001BE95A /* Resources */,
			);
			buildRules = (
			);
			dependencies = (
			);
			name = ImIcon;
			productName = ImIcon;
			productReference = CE7EEB481574A649001BE95A /* ImIcon.app */;
			productType = "com.apple.product-type.application";
		};
/* End PBXNativeTarget section */

/* Begin PBXProject section */
		CE7EEB3F1574A648001BE95A /* Project object */ = {
			isa = PBXProject;
			attributes = {
				LastUpgradeCheck = 0430;
				ORGANIZATIONNAME = PConline;
			};
			buildConfigurationList = CE7EEB421574A648001BE95A /* Build configuration list for PBXProject "ImIcon" */;
			compatibilityVersion = "Xcode 3.2";
			developmentRegion = English;
			hasScannedForEncodings = 0;
			knownRegions = (
				en,
			);
			mainGroup = CE7EEB3D1574A648001BE95A;
			productRefGroup = CE7EEB491574A649001BE95A /* Products */;
			projectDirPath = "";
			projectRoot = "";
			targets = (
				CE7EEB471574A649001BE95A /* ImIcon */,
			);
		};
/* End PBXProject section */

/* Begin PBXResourcesBuildPhase section */
		CE7EEB461574A649001BE95A /* Resources */ = {
			isa = PBXResourcesBuildPhase;
			buildActionMask = 2147483647;
			files = (
				CE7EEB571574A649001BE95A /* InfoPlist.strings in Resources */,
				CE7EEB631574A649001BE95A /* ViewController.xib in Resources */,
			);
			runOnlyForDeploymentPostprocessing = 0;
		};
/* End PBXResourcesBuildPhase section */

/* Begin PBXSourcesBuildPhase section */
		CE7EEB441574A649001BE95A /* Sources */ = {
			isa = PBXSourcesBuildPhase;
			buildActionMask = 2147483647;
			files = (
				CE7EEB591574A649001BE95A /* main.m in Sources */,
				CE7EEB5D1574A649001BE95A /* AppDelegate.m in Sources */,
				CE7EEB601574A649001BE95A /* ViewController.m in Sources */,
			);
			runOnlyForDeploymentPostprocessing = 0;
		};
/* End PBXSourcesBuildPhase section */

/* Begin PBXVariantGroup section */
		CE7EEB551574A649001BE95A /* InfoPlist.strings */ = {
			isa = PBXVariantGroup;
			children = (
				CE7EEB561574A649001BE95A /* en */,
			);
			name = InfoPlist.strings;
			sourceTree = "<group>";
		};
		CE7EEB611574A649001BE95A /* ViewController.xib */ = {
			isa = PBXVariantGroup;
			children = (
				CE7EEB621574A649001BE95A /* en */,
			);
			name = ViewController.xib;
			sourceTree = "<group>";
		};
/* End PBXVariantGroup section */

/* Begin XCBuildConfiguration section */
		CE7EEB641574A649001BE95A /* Debug */ = {
			isa = XCBuildConfiguration;
			buildSettings = {
				ALWAYS_SEARCH_USER_PATHS = NO;
				ARCHS = "$(ARCHS_STANDARD_32_BIT)";
				"CODE_SIGN_IDENTITY[sdk=iphoneos*]" = "iPhone Developer";
				COPY_PHASE_STRIP = NO;
				GCC_C_LANGUAGE_STANDARD = gnu99;
				GCC_DYNAMIC_NO_PIC = NO;
				GCC_OPTIMIZATION_LEVEL = 0;
				GCC_PREPROCESSOR_DEFINITIONS = (
					"DEBUG=1",
					"$(inherited)",
				);
				GCC_SYMBOLS_PRIVATE_EXTERN = NO;
				GCC_VERSION = com.apple.compilers.llvm.clang.1_0;
				GCC_WARN_ABOUT_RETURN_TYPE = YES;
				GCC_WARN_UNINITIALIZED_AUTOS = YES;
				GCC_WARN_UNUSED_VARIABLE = YES;
				IPHONEOS_DEPLOYMENT_TARGET = 5.1;
				SDKROOT = iphoneos;
			};
			name = Debug;
		};
		CE7EEB651574A649001BE95A /* Release */ = {
			isa = XCBuildConfiguration;
			buildSettings = {
				ALWAYS_SEARCH_USER_PATHS = NO;
				ARCHS = "$(ARCHS_STANDARD_32_BIT)";
				"CODE_SIGN_IDENTITY[sdk=iphoneos*]" = "iPhone Developer";
				COPY_PHASE_STRIP = YES;
				GCC_C_LANGUAGE_STANDARD = gnu99;
				GCC_VERSION = com.apple.compilers.llvm.clang.1_0;
				GCC_WARN_ABOUT_RETURN_TYPE = YES;
				GCC_WARN_UNINITIALIZED_AUTOS = YES;
				GCC_WARN_UNUSED_VARIABLE = YES;
				IPHONEOS_DEPLOYMENT_TARGET = 5.1;
				OTHER_CFLAGS = "-DNS_BLOCK_ASSERTIONS=1";
				SDKROOT = iphoneos;
				VALIDATE_PRODUCT = YES;
			};
			name = Release;
		};
		CE7EEB671574A649001BE95A /* Debug */ = {
			isa = XCBuildConfiguration;
			buildSettings = {
				GCC_PRECOMPILE_PREFIX_HEADER = YES;
				GCC_PREFIX_HEADER = "ImIcon/ImIcon-Prefix.pch";
				INFOPLIST_FILE = "ImIcon/ImIcon-Info.plist";
				PRODUCT_NAME = "$(TARGET_NAME)";
				WRAPPER_EXTENSION = app;
			};
			name = Debug;
		};
		CE7EEB681574A649001BE95A /* Release */ = {
			isa = XCBuildConfiguration;
			buildSettings = {
				GCC_PRECOMPILE_PREFIX_HEADER = YES;
				GCC_PREFIX_HEADER = "ImIcon/ImIcon-Prefix.pch";
				INFOPLIST_FILE = "ImIcon/ImIcon-Info.plist";
				PRODUCT_NAME = "$(TARGET_NAME)";
				WRAPPER_EXTENSION = app;
			};
			name = Release;
		};
/* End XCBuildConfiguration section */

/* Begin XCConfigurationList section */
		CE7EEB421574A648001BE95A /* Build configuration list for PBXProject "ImIcon" */ = {
			isa = XCConfigurationList;
			buildConfigurations = (
				CE7EEB641574A649001BE95A /* Debug */,
				CE7EEB651574A649001BE95A /* Release */,
			);
			defaultConfigurationIsVisible = 0;
			defaultConfigurationName = Release;
		};
		CE7EEB661574A649001BE95A /* Build configuration list for PBXNativeTarget "ImIcon" */ = {
			isa = XCConfigurationList;
			buildConfigurations = (
				CE7EEB671574A649001BE95A /* Debug */,
				CE7EEB681574A649001BE95A /* Release */,
			);
			defaultConfigurationIsVisible = 0;
		};
/* End XCConfigurationList section */
	};
	rootObject = CE7EEB3F1574A648001BE95A /* Project object */;
}
